
Microsoft Visual Studio Solution File, Format Version 12.00
# Visual Studio Version 16
VisualStudioVersion = 16.0.31105.61
MinimumVisualStudioVersion = 10.0.40219.1
Project("{2150E333-8FDC-42A3-9474-1A3956D46DE8}") = "src", "src", "{6D0C7C31-B4E2-4FAD-8B6E-70F422708674}"
EndProject
Project("{FAE04EC0-301F-11D3-BF4B-00C04F79EFBC}") = "WebApi", "WebApi\WebApi.csproj", "{521132F3-BBDC-4F54-9368-72D63A7A0D9D}"
EndProject
Project("{FAE04EC0-301F-11D3-BF4B-00C04F79EFBC}") = "WebApiText", "WebApiText\WebApiText.csproj", "{0F70BE37-4BF3-4EC7-8398-2DEC575105B7}"
EndProject
Global
	GlobalSection(SolutionConfigurationPlatforms) = preSolution
		Debug|Any CPU = Debug|Any CPU
		Release|Any CPU = Release|Any CPU
	EndGlobalSection
	GlobalSection(ProjectConfigurationPlatforms) = postSolution
		{521132F3-BBDC-4F54-9368-72D63A7A0D9D}.Debug|Any CPU.ActiveCfg = Debug|Any CPU
		{521132F3-BBDC-4F54-9368-72D63A7A0D9D}.Debug|Any CPU.Build.0 = Debug|Any CPU
		{521132F3-BBDC-4F54-9368-72D63A7A0D9D}.Release|Any CPU.ActiveCfg = Release|Any CPU
		{521132F3-BBDC-4F54-9368-72D63A7A0D9D}.Release|Any CPU.Build.0 = Release|Any CPU
		{0F70BE37-4BF3-4EC7-8398-2DEC575105B7}.Debug|Any CPU.ActiveCfg = Debug|Any CPU
		{0F70BE37-4BF3-4EC7-8398-2DEC575105B7}.Debug|Any CPU.Build.0 = Debug|Any CPU
		{0F70BE37-4BF3-4EC7-8398-2DEC575105B7}.Release|Any CPU.ActiveCfg = Release|Any CPU
		{0F70BE37-4BF3-4EC7-8398-2DEC575105B7}.Release|Any CPU.Build.0 = Release|Any CPU
	EndGlobalSection
	GlobalSection(SolutionProperties) = preSolution
		HideSolutionNode = FALSE
	EndGlobalSection
	GlobalSection(NestedProjects) = preSolution
		{521132F3-BBDC-4F54-9368-72D63A7A0D9D} = {6D0C7C31-B4E2-4FAD-8B6E-70F422708674}
		{0F70BE37-4BF3-4EC7-8398-2DEC575105B7} = {6D0C7C31-B4E2-4FAD-8B6E-70F422708674}
	EndGlobalSection
	GlobalSection(ExtensibilityGlobals) = postSolution
		SolutionGuid = {0CC037D6-0B43-423C-8CC1-E293BA3B9741}
	EndGlobalSection
EndGlobal
